
Microsoft Visual Studio Solution File, Format Version 12.00
# Visual Studio Version 17
VisualStudioVersion = 17.14.36202.13 d17.14
MinimumVisualStudioVersion = 10.0.40219.1
Project("{8BC9CEB8-8B4A-11D0-8D11-00A0C91BC942}") = "時間轉換", "時間轉換\時間轉換.vcxproj", "{C3D149DD-77B5-4CC3-82EA-38F02CEB1DFF}"
EndProject
Global
	GlobalSection(SolutionConfigurationPlatforms) = preSolution
		Debug|x64 = Debug|x64
		Debug|x86 = Debug|x86
		Release|x64 = Release|x64
		Release|x86 = Release|x86
	EndGlobalSection
	GlobalSection(ProjectConfigurationPlatforms) = postSolution
		{C3D149DD-77B5-4CC3-82EA-38F02CEB1DFF}.Debug|x64.ActiveCfg = Debug|x64
		{C3D149DD-77B5-4CC3-82EA-38F02CEB1DFF}.Debug|x64.Build.0 = Debug|x64
		{C3D149DD-77B5-4CC3-82EA-38F02CEB1DFF}.Debug|x86.ActiveCfg = Debug|Win32
		{C3D149DD-77B5-4CC3-82EA-38F02CEB1DFF}.Debug|x86.Build.0 = Debug|Win32
		{C3D149DD-77B5-4CC3-82EA-38F02CEB1DFF}.Release|x64.ActiveCfg = Release|x64
		{C3D149DD-77B5-4CC3-82EA-38F02CEB1DFF}.Release|x64.Build.0 = Release|x64
		{C3D149DD-77B5-4CC3-82EA-38F02CEB1DFF}.Release|x86.ActiveCfg = Release|Win32
		{C3D149DD-77B5-4CC3-82EA-38F02CEB1DFF}.Release|x86.Build.0 = Release|Win32
	EndGlobalSection
	GlobalSection(SolutionProperties) = preSolution
		HideSolutionNode = FALSE
	EndGlobalSection
	GlobalSection(ExtensibilityGlobals) = postSolution
		SolutionGuid = {AEB0EC39-F7DF-46E0-8140-D43737CF4263}
	EndGlobalSection
EndGlobal
